# THIS IS AN AUTOGENERATED FILE. DO NOT EDIT THIS FILE DIRECTLY.
# yarn lockfile v1


easy-reverse-geocoding@^1.0.0:
  version "1.0.0"
  resolved "https://registry.yarnpkg.com/easy-reverse-geocoding/-/easy-reverse-geocoding-1.0.0.tgz#955a059d1673bb3bb1524911e349732026d36496"
  integrity sha512-EjQTbcDMimciVy0maYFIiTyJCTKDC6JRTDXa85R/EJmRdKnDQnhLPHUqY0jkSe1jHEzEmQYFdHCFPxf2HlM5aQ==
